
Microsoft Visual Studio Solution File, Format Version 12.00
# Visual Studio Version 17
VisualStudioVersion = 17.1.32228.430
MinimumVisualStudioVersion = 10.0.40219.1
Project("{FAE04EC0-301F-11D3-BF4B-00C04F79EFBC}") = "ConsoleApp9", "ConsoleApp9\ConsoleApp9.csproj", "{2816BECB-FEB8-44AC-8430-3C0335F924DE}"
EndProject
Global
	GlobalSection(SolutionConfigurationPlatforms) = preSolution
		Debug|Any CPU = Debug|Any CPU
		Release|Any CPU = Release|Any CPU
	EndGlobalSection
	GlobalSection(ProjectConfigurationPlatforms) = postSolution
		{2816BECB-FEB8-44AC-8430-3C0335F924DE}.Debug|Any CPU.ActiveCfg = Debug|Any CPU
		{2816BECB-FEB8-44AC-8430-3C0335F924DE}.Debug|Any CPU.Build.0 = Debug|Any CPU
		{2816BECB-FEB8-44AC-8430-3C0335F924DE}.Release|Any CPU.ActiveCfg = Release|Any CPU
		{2816BECB-FEB8-44AC-8430-3C0335F924DE}.Release|Any CPU.Build.0 = Release|Any CPU
	EndGlobalSection
	GlobalSection(SolutionProperties) = preSolution
		HideSolutionNode = FALSE
	EndGlobalSection
	GlobalSection(ExtensibilityGlobals) = postSolution
		SolutionGuid = {83C4F3A4-BE5F-4085-9279-0E0213AA3EAE}
	EndGlobalSection
EndGlobal
